
Microsoft Visual Studio Solution File, Format Version 12.00
# Visual Studio Version 17
VisualStudioVersion = 17.14.36429.23 d17.14
MinimumVisualStudioVersion = 10.0.40219.1
Project("{FAE04EC0-301F-11D3-BF4B-00C04F79EFBC}") = "Server", "Server\Server.csproj", "{C45E5976-44E6-4692-A644-4253017A5029}"
EndProject
Project("{FAE04EC0-301F-11D3-BF4B-00C04F79EFBC}") = "Client", "Client\Client.csproj", "{B38CAE7C-8F56-41F4-A90B-7CCAC661AE34}"
EndProject
Global
	GlobalSection(SolutionConfigurationPlatforms) = preSolution
		Debug|Any CPU = Debug|Any CPU
		Release|Any CPU = Release|Any CPU
	EndGlobalSection
	GlobalSection(ProjectConfigurationPlatforms) = postSolution
		{C45E5976-44E6-4692-A644-4253017A5029}.Debug|Any CPU.ActiveCfg = Debug|Any CPU
		{C45E5976-44E6-4692-A644-4253017A5029}.Debug|Any CPU.Build.0 = Debug|Any CPU
		{C45E5976-44E6-4692-A644-4253017A5029}.Release|Any CPU.ActiveCfg = Release|Any CPU
		{C45E5976-44E6-4692-A644-4253017A5029}.Release|Any CPU.Build.0 = Release|Any CPU
		{B38CAE7C-8F56-41F4-A90B-7CCAC661AE34}.Debug|Any CPU.ActiveCfg = Debug|Any CPU
		{B38CAE7C-8F56-41F4-A90B-7CCAC661AE34}.Debug|Any CPU.Build.0 = Debug|Any CPU
		{B38CAE7C-8F56-41F4-A90B-7CCAC661AE34}.Release|Any CPU.ActiveCfg = Release|Any CPU
		{B38CAE7C-8F56-41F4-A90B-7CCAC661AE34}.Release|Any CPU.Build.0 = Release|Any CPU
	EndGlobalSection
	GlobalSection(SolutionProperties) = preSolution
		HideSolutionNode = FALSE
	EndGlobalSection
	GlobalSection(ExtensibilityGlobals) = postSolution
		SolutionGuid = {C5673E8F-BD70-4117-8786-952ED00AD810}
	EndGlobalSection
EndGlobal
