
Microsoft Visual Studio Solution File, Format Version 12.00
# Visual Studio Version 17
VisualStudioVersion = 17.14.36414.22 d17.14
MinimumVisualStudioVersion = 10.0.40219.1
Project("{FAE04EC0-301F-11D3-BF4B-00C04F79EFBC}") = "Project11", "Project11\Project11.csproj", "{8FA74681-C00D-2B56-5B67-9C1ABA398DB8}"
EndProject
Project("{FAE04EC0-301F-11D3-BF4B-00C04F79EFBC}") = "Project12", "Project12\Project12.csproj", "{2B3486CC-BDDA-C227-AAD9-EB73E96E1C81}"
EndProject
Global
	GlobalSection(SolutionConfigurationPlatforms) = preSolution
		Debug|Any CPU = Debug|Any CPU
		Release|Any CPU = Release|Any CPU
	EndGlobalSection
	GlobalSection(ProjectConfigurationPlatforms) = postSolution
		{8FA74681-C00D-2B56-5B67-9C1ABA398DB8}.Debug|Any CPU.ActiveCfg = Debug|Any CPU
		{8FA74681-C00D-2B56-5B67-9C1ABA398DB8}.Debug|Any CPU.Build.0 = Debug|Any CPU
		{8FA74681-C00D-2B56-5B67-9C1ABA398DB8}.Release|Any CPU.ActiveCfg = Release|Any CPU
		{8FA74681-C00D-2B56-5B67-9C1ABA398DB8}.Release|Any CPU.Build.0 = Release|Any CPU
		{2B3486CC-BDDA-C227-AAD9-EB73E96E1C81}.Debug|Any CPU.ActiveCfg = Debug|Any CPU
		{2B3486CC-BDDA-C227-AAD9-EB73E96E1C81}.Debug|Any CPU.Build.0 = Debug|Any CPU
		{2B3486CC-BDDA-C227-AAD9-EB73E96E1C81}.Release|Any CPU.ActiveCfg = Release|Any CPU
		{2B3486CC-BDDA-C227-AAD9-EB73E96E1C81}.Release|Any CPU.Build.0 = Release|Any CPU
	EndGlobalSection
	GlobalSection(SolutionProperties) = preSolution
		HideSolutionNode = FALSE
	EndGlobalSection
	GlobalSection(ExtensibilityGlobals) = postSolution
		SolutionGuid = {A709E529-E84F-4EFE-9E2A-D9F80D61EE2F}
	EndGlobalSection
EndGlobal
